
Microsoft Visual Studio Solution File, Format Version 12.00
# Visual Studio Version 17
VisualStudioVersion = 17.11.35327.3
MinimumVisualStudioVersion = 10.0.40219.1
Project("{FAE04EC0-301F-11D3-BF4B-00C04F79EFBC}") = "NguyenThiTrucQuynh.31231021679", "NguyenThiTrucQuynh.31231021679\NguyenThiTrucQuynh.31231021679.csproj", "{1D7775E6-F73F-4944-9390-7ACD9FDDD483}"
EndProject
Global
	GlobalSection(SolutionConfigurationPlatforms) = preSolution
		Debug|Any CPU = Debug|Any CPU
		Release|Any CPU = Release|Any CPU
	EndGlobalSection
	GlobalSection(ProjectConfigurationPlatforms) = postSolution
		{1D7775E6-F73F-4944-9390-7ACD9FDDD483}.Debug|Any CPU.ActiveCfg = Debug|Any CPU
		{1D7775E6-F73F-4944-9390-7ACD9FDDD483}.Debug|Any CPU.Build.0 = Debug|Any CPU
		{1D7775E6-F73F-4944-9390-7ACD9FDDD483}.Release|Any CPU.ActiveCfg = Release|Any CPU
		{1D7775E6-F73F-4944-9390-7ACD9FDDD483}.Release|Any CPU.Build.0 = Release|Any CPU
	EndGlobalSection
	GlobalSection(SolutionProperties) = preSolution
		HideSolutionNode = FALSE
	EndGlobalSection
	GlobalSection(ExtensibilityGlobals) = postSolution
		SolutionGuid = {25500416-9726-4294-B213-4165BB904856}
	EndGlobalSection
EndGlobal
